{
    "_meta": {
        "hash": {
            "sha256": "be9631a3a43c3b7ea61f0430e97045314036a7f452553e9637a2a6209158b13d"
        },
        "pipfile-spec": 6,
        "requires": {
            "python_version": "3.10"
        },
        "sources": [
            {
                "name": "pypi",
                "url": "https://pypi.org/simple",
                "verify_ssl": true
            }
        ]
    },
    "default": {
        "isodate": {
            "hashes": [
                "sha256:28009937d8031054830160fce6d409ed342816b543597cece116d966c6d99e15",
                "sha256:4cd1aa0f43ca76f4a6c6c0292a85f40b35ec2e43e315b59f06e6d32171a953e6"
            ],
            "markers": "python_version < '3.11'",
            "version": "==0.7.2"
        },
        "pyparsing": {
            "hashes": [
                "sha256:93d9577b88da0bbea8cc8334ee8b918ed014968fd2ec383e868fb8afb1ccef84",
                "sha256:cbf74e27246d595d9a74b186b810f6fbb86726dbf3b9532efb343f6d7294fe9c"
            ],
            "markers": "python_version >= '3.9'",
            "version": "==3.2.0"
        },
        "rdflib": {
            "hashes": [
                "sha256:164de86bd3564558802ca983d84f6616a4a1a420c7a17a8152f5016076b2913e",
                "sha256:e590fa9a2c34ba33a667818b5a84be3fb8a4d85868f8038f17912ec84f912a25"
            ],
            "index": "pypi",
            "markers": "python_full_version >= '3.8.1' and python_full_version < '4.0.0'",
            "version": "==7.1.1"
        }
    },
    "develop": {}
}
